dependencies:
- name: postgresql
  repository: https://charts.bitnami.com/bitnami
  version: 15.2.5
- name: redis
  repository: https://charts.bitnami.com/bitnami
  version: 19.1.1
- name: minio
  repository: https://charts.bitnami.com/bitnami
  version: 14.3.2
digest: sha256:ef83f30266565e367062893cc0b1a3551ea3622d669213c20e06af6b8cc5099f
generated: "2024-05-01T00:55:26.918136471+02:00"
